
Microsoft Visual Studio Solution File, Format Version 12.00
# Visual Studio Version 17
VisualStudioVersion = 17.5.33530.505
MinimumVisualStudioVersion = 10.0.40219.1
Project("{FAE04EC0-301F-11D3-BF4B-00C04F79EFBC}") = "BlazorApp1", "BlazorApp1\BlazorApp1.csproj", "{B2865472-0137-4381-A9D8-40792D944421}"
EndProject
Global
	GlobalSection(SolutionConfigurationPlatforms) = preSolution
		Debug|Any CPU = Debug|Any CPU
		Release|Any CPU = Release|Any CPU
	EndGlobalSection
	GlobalSection(ProjectConfigurationPlatforms) = postSolution
		{B2865472-0137-4381-A9D8-40792D944421}.Debug|Any CPU.ActiveCfg = Debug|Any CPU
		{B2865472-0137-4381-A9D8-40792D944421}.Debug|Any CPU.Build.0 = Debug|Any CPU
		{B2865472-0137-4381-A9D8-40792D944421}.Release|Any CPU.ActiveCfg = Release|Any CPU
		{B2865472-0137-4381-A9D8-40792D944421}.Release|Any CPU.Build.0 = Release|Any CPU
	EndGlobalSection
	GlobalSection(SolutionProperties) = preSolution
		HideSolutionNode = FALSE
	EndGlobalSection
	GlobalSection(ExtensibilityGlobals) = postSolution
		SolutionGuid = {401EA2C4-98F6-4775-8382-96C06A224493}
	EndGlobalSection
EndGlobal
